
Microsoft Visual Studio Solution File, Format Version 12.00
# Visual Studio Version 16
VisualStudioVersion = 16.0.30907.101
MinimumVisualStudioVersion = 10.0.40219.1
Project("{FAE04EC0-301F-11D3-BF4B-00C04F79EFBC}") = "ForcaBruta", "ForcaBruta.csproj", "{5573BFD0-374B-4C09-B3FD-9BB47F499C2E}"
EndProject
Global
	GlobalSection(SolutionConfigurationPlatforms) = preSolution
		Debug|Any CPU = Debug|Any CPU
		Release|Any CPU = Release|Any CPU
	EndGlobalSection
	GlobalSection(ProjectConfigurationPlatforms) = postSolution
		{5573BFD0-374B-4C09-B3FD-9BB47F499C2E}.Debug|Any CPU.ActiveCfg = Debug|Any CPU
		{5573BFD0-374B-4C09-B3FD-9BB47F499C2E}.Debug|Any CPU.Build.0 = Debug|Any CPU
		{5573BFD0-374B-4C09-B3FD-9BB47F499C2E}.Release|Any CPU.ActiveCfg = Release|Any CPU
		{5573BFD0-374B-4C09-B3FD-9BB47F499C2E}.Release|Any CPU.Build.0 = Release|Any CPU
	EndGlobalSection
	GlobalSection(SolutionProperties) = preSolution
		HideSolutionNode = FALSE
	EndGlobalSection
	GlobalSection(ExtensibilityGlobals) = postSolution
		SolutionGuid = {F32C7D41-DFBC-44FF-BD1A-F0CCE7B60C54}
	EndGlobalSection
EndGlobal
